
Microsoft Visual Studio Solution File, Format Version 12.00
# Visual Studio 15
VisualStudioVersion = 15.0.28307.329
MinimumVisualStudioVersion = 10.0.40219.1
Project("{F184B08F-C81C-45F6-A57F-5ABD9991F28F}") = "SIM-TP6", "SIM-TP6\SIM-TP6.vbproj", "{471EA2CA-EF06-469C-9C7F-1CB55133A5D9}"
EndProject
Global
	GlobalSection(SolutionConfigurationPlatforms) = preSolution
		Debug|Any CPU = Debug|Any CPU
		Release|Any CPU = Release|Any CPU
	EndGlobalSection
	GlobalSection(ProjectConfigurationPlatforms) = postSolution
		{471EA2CA-EF06-469C-9C7F-1CB55133A5D9}.Debug|Any CPU.ActiveCfg = Debug|Any CPU
		{471EA2CA-EF06-469C-9C7F-1CB55133A5D9}.Debug|Any CPU.Build.0 = Debug|Any CPU
		{471EA2CA-EF06-469C-9C7F-1CB55133A5D9}.Release|Any CPU.ActiveCfg = Release|Any CPU
		{471EA2CA-EF06-469C-9C7F-1CB55133A5D9}.Release|Any CPU.Build.0 = Release|Any CPU
	EndGlobalSection
	GlobalSection(SolutionProperties) = preSolution
		HideSolutionNode = FALSE
	EndGlobalSection
	GlobalSection(ExtensibilityGlobals) = postSolution
		SolutionGuid = {87B77441-4033-4B22-B803-3E283E86AA2C}
	EndGlobalSection
	GlobalSection(Performance) = preSolution
		HasPerformanceSessions = true
	EndGlobalSection
EndGlobal
